
Microsoft Visual Studio Solution File, Format Version 12.00
# Visual Studio Version 17
VisualStudioVersion = 17.14.36930.0 d17.14
MinimumVisualStudioVersion = 10.0.40219.1
Project("{FAE04EC0-301F-11D3-BF4B-00C04F79EFBC}") = "AlkatreszKezelo", "AlkatreszKezelo\AlkatreszKezelo.csproj", "{946AF254-CD16-46CB-B806-03330CE671CB}"
EndProject
Global
	GlobalSection(SolutionConfigurationPlatforms) = preSolution
		Debug|Any CPU = Debug|Any CPU
		Release|Any CPU = Release|Any CPU
	EndGlobalSection
	GlobalSection(ProjectConfigurationPlatforms) = postSolution
		{946AF254-CD16-46CB-B806-03330CE671CB}.Debug|Any CPU.ActiveCfg = Debug|Any CPU
		{946AF254-CD16-46CB-B806-03330CE671CB}.Debug|Any CPU.Build.0 = Debug|Any CPU
		{946AF254-CD16-46CB-B806-03330CE671CB}.Release|Any CPU.ActiveCfg = Release|Any CPU
		{946AF254-CD16-46CB-B806-03330CE671CB}.Release|Any CPU.Build.0 = Release|Any CPU
	EndGlobalSection
	GlobalSection(SolutionProperties) = preSolution
		HideSolutionNode = FALSE
	EndGlobalSection
	GlobalSection(ExtensibilityGlobals) = postSolution
		SolutionGuid = {B4B0878B-E934-4D43-BA52-221386CC8E51}
	EndGlobalSection
EndGlobal
